
Microsoft Visual Studio Solution File, Format Version 12.00
# Visual Studio Version 17
VisualStudioVersion = 17.0.31903.59
MinimumVisualStudioVersion = 10.0.40219.1
Project("{2150E333-8FDC-42A3-9474-1A3956D46DE8}") = "Solution Items", "Solution Items", "{C92B8DC0-A461-4606-A40D-806712BEA9BD}"
	ProjectSection(SolutionItems) = preProject
		.editorconfig = .editorconfig
		global.json = global.json
		README.md = README.md
	EndProjectSection
	ProjectSection(FolderGlobals) = preProject
		C_5_4Code_4Personal_4dotnet-ef-domain-driven-design_4global_1json__JsonSchema = global
	EndProjectSection
EndProject
Project("{2150E333-8FDC-42A3-9474-1A3956D46DE8}") = "Core", "Core", "{9ED71C16-F4E0-4AA5-9F23-980CC8EABC75}"
EndProject
Project("{2150E333-8FDC-42A3-9474-1A3956D46DE8}") = "Infrastructure", "Infrastructure", "{5B99D2D5-EFFD-4746-83B8-17DD83D13C2C}"
EndProject
Project("{2150E333-8FDC-42A3-9474-1A3956D46DE8}") = "Presentation", "Presentation", "{0A2A4BE6-DC97-4770-B4D4-ED6C29407E29}"
EndProject
Project("{9A19103F-16F7-4668-BE54-9A1E7A4F7556}") = "DDD.Application", "src\DDD.Application\DDD.Application.csproj", "{400DBDDC-367D-4304-935C-8D9563031D0E}"
EndProject
Project("{9A19103F-16F7-4668-BE54-9A1E7A4F7556}") = "DDD.Domain", "src\DDD.Domain\DDD.Domain.csproj", "{E8075122-DF7C-40D5-87CE-67C13FE8F329}"
EndProject
Project("{9A19103F-16F7-4668-BE54-9A1E7A4F7556}") = "DDD.Infrastructure", "src\DDD.Infrastructure\DDD.Infrastructure.csproj", "{431D000B-F1CC-43CB-9DCA-50F9D8E42557}"
EndProject
Project("{9A19103F-16F7-4668-BE54-9A1E7A4F7556}") = "DDD.WebApi", "src\DDD.WebApi\DDD.WebApi.csproj", "{E8360F9D-E4B9-44D3-9D31-5F99ED855763}"
EndProject
Project("{2150E333-8FDC-42A3-9474-1A3956D46DE8}") = "src", "src", "{D72F4748-9A50-452F-850F-A792FF502060}"
EndProject
Project("{2150E333-8FDC-42A3-9474-1A3956D46DE8}") = "tests", "tests", "{33F84828-4E86-4290-A185-878A41B7D77D}"
EndProject
Project("{FAE04EC0-301F-11D3-BF4B-00C04F79EFBC}") = "DDD.Domain.UnitTests", "tests\DDD.Domain.UnitTests\DDD.Domain.UnitTests.csproj", "{8C901001-FB7F-46D7-99FC-87A1E173AC84}"
EndProject
Global
	GlobalSection(SolutionConfigurationPlatforms) = preSolution
		Debug|Any CPU = Debug|Any CPU
		Release|Any CPU = Release|Any CPU
	EndGlobalSection
	GlobalSection(ProjectConfigurationPlatforms) = postSolution
		{400DBDDC-367D-4304-935C-8D9563031D0E}.Debug|Any CPU.ActiveCfg = Debug|Any CPU
		{400DBDDC-367D-4304-935C-8D9563031D0E}.Debug|Any CPU.Build.0 = Debug|Any CPU
		{400DBDDC-367D-4304-935C-8D9563031D0E}.Release|Any CPU.ActiveCfg = Release|Any CPU
		{400DBDDC-367D-4304-935C-8D9563031D0E}.Release|Any CPU.Build.0 = Release|Any CPU
		{E8075122-DF7C-40D5-87CE-67C13FE8F329}.Debug|Any CPU.ActiveCfg = Debug|Any CPU
		{E8075122-DF7C-40D5-87CE-67C13FE8F329}.Debug|Any CPU.Build.0 = Debug|Any CPU
		{E8075122-DF7C-40D5-87CE-67C13FE8F329}.Release|Any CPU.ActiveCfg = Release|Any CPU
		{E8075122-DF7C-40D5-87CE-67C13FE8F329}.Release|Any CPU.Build.0 = Release|Any CPU
		{431D000B-F1CC-43CB-9DCA-50F9D8E42557}.Debug|Any CPU.ActiveCfg = Debug|Any CPU
		{431D000B-F1CC-43CB-9DCA-50F9D8E42557}.Debug|Any CPU.Build.0 = Debug|Any CPU
		{431D000B-F1CC-43CB-9DCA-50F9D8E42557}.Release|Any CPU.ActiveCfg = Release|Any CPU
		{431D000B-F1CC-43CB-9DCA-50F9D8E42557}.Release|Any CPU.Build.0 = Release|Any CPU
		{E8360F9D-E4B9-44D3-9D31-5F99ED855763}.Debug|Any CPU.ActiveCfg = Debug|Any CPU
		{E8360F9D-E4B9-44D3-9D31-5F99ED855763}.Debug|Any CPU.Build.0 = Debug|Any CPU
		{E8360F9D-E4B9-44D3-9D31-5F99ED855763}.Release|Any CPU.ActiveCfg = Release|Any CPU
		{E8360F9D-E4B9-44D3-9D31-5F99ED855763}.Release|Any CPU.Build.0 = Release|Any CPU
		{8C901001-FB7F-46D7-99FC-87A1E173AC84}.Debug|Any CPU.ActiveCfg = Debug|Any CPU
		{8C901001-FB7F-46D7-99FC-87A1E173AC84}.Debug|Any CPU.Build.0 = Debug|Any CPU
		{8C901001-FB7F-46D7-99FC-87A1E173AC84}.Release|Any CPU.ActiveCfg = Release|Any CPU
		{8C901001-FB7F-46D7-99FC-87A1E173AC84}.Release|Any CPU.Build.0 = Release|Any CPU
	EndGlobalSection
	GlobalSection(SolutionProperties) = preSolution
		HideSolutionNode = FALSE
	EndGlobalSection
	GlobalSection(NestedProjects) = preSolution
		{9ED71C16-F4E0-4AA5-9F23-980CC8EABC75} = {D72F4748-9A50-452F-850F-A792FF502060}
		{5B99D2D5-EFFD-4746-83B8-17DD83D13C2C} = {D72F4748-9A50-452F-850F-A792FF502060}
		{0A2A4BE6-DC97-4770-B4D4-ED6C29407E29} = {D72F4748-9A50-452F-850F-A792FF502060}
		{400DBDDC-367D-4304-935C-8D9563031D0E} = {9ED71C16-F4E0-4AA5-9F23-980CC8EABC75}
		{E8075122-DF7C-40D5-87CE-67C13FE8F329} = {9ED71C16-F4E0-4AA5-9F23-980CC8EABC75}
		{431D000B-F1CC-43CB-9DCA-50F9D8E42557} = {5B99D2D5-EFFD-4746-83B8-17DD83D13C2C}
		{E8360F9D-E4B9-44D3-9D31-5F99ED855763} = {0A2A4BE6-DC97-4770-B4D4-ED6C29407E29}
		{8C901001-FB7F-46D7-99FC-87A1E173AC84} = {33F84828-4E86-4290-A185-878A41B7D77D}
	EndGlobalSection
	GlobalSection(ExtensibilityGlobals) = postSolution
		SolutionGuid = {006C5F90-E802-4A04-B28D-929EFF3C84C8}
	EndGlobalSection
EndGlobal
