
Microsoft Visual Studio Solution File, Format Version 12.00
# Visual Studio Version 17
VisualStudioVersion = 17.0.31903.59
MinimumVisualStudioVersion = 10.0.40219.1
Project("{9A19103F-16F7-4668-BE54-9A1E7A4F7556}") = "DDD.Domain", "DDD.Domain\DDD.Domain.csproj", "{CBF41725-84D2-4E0F-A0F4-9D32C177A69F}"
EndProject
Project("{9A19103F-16F7-4668-BE54-9A1E7A4F7556}") = "DDD.Infrastructure", "DDD.Infrastructure\DDD.Infrastructure.csproj", "{B4FAA6F4-0EB7-4A6F-A11B-F5E7C00BD20C}"
EndProject
Project("{9A19103F-16F7-4668-BE54-9A1E7A4F7556}") = "DDD.Application", "DDD.Application\DDD.Application.csproj", "{3B7215A4-934F-46F7-9881-08692D806067}"
EndProject
Project("{9A19103F-16F7-4668-BE54-9A1E7A4F7556}") = "DDD.WebApi", "DDD.WebApi\DDD.WebApi.csproj", "{DA3B9A6A-6F30-45E7-A07C-BF30C86D5192}"
EndProject
Project("{2150E333-8FDC-42A3-9474-1A3956D46DE8}") = "Solution Items", "Solution Items", "{C92B8DC0-A461-4606-A40D-806712BEA9BD}"
	ProjectSection(SolutionItems) = preProject
		.editorconfig = .editorconfig
		global.json = global.json
		README.md = README.md
	EndProjectSection
EndProject
Global
	GlobalSection(SolutionConfigurationPlatforms) = preSolution
		Debug|Any CPU = Debug|Any CPU
		Release|Any CPU = Release|Any CPU
	EndGlobalSection
	GlobalSection(ProjectConfigurationPlatforms) = postSolution
		{CBF41725-84D2-4E0F-A0F4-9D32C177A69F}.Debug|Any CPU.ActiveCfg = Debug|Any CPU
		{CBF41725-84D2-4E0F-A0F4-9D32C177A69F}.Debug|Any CPU.Build.0 = Debug|Any CPU
		{CBF41725-84D2-4E0F-A0F4-9D32C177A69F}.Release|Any CPU.ActiveCfg = Release|Any CPU
		{CBF41725-84D2-4E0F-A0F4-9D32C177A69F}.Release|Any CPU.Build.0 = Release|Any CPU
		{B4FAA6F4-0EB7-4A6F-A11B-F5E7C00BD20C}.Debug|Any CPU.ActiveCfg = Debug|Any CPU
		{B4FAA6F4-0EB7-4A6F-A11B-F5E7C00BD20C}.Debug|Any CPU.Build.0 = Debug|Any CPU
		{B4FAA6F4-0EB7-4A6F-A11B-F5E7C00BD20C}.Release|Any CPU.ActiveCfg = Release|Any CPU
		{B4FAA6F4-0EB7-4A6F-A11B-F5E7C00BD20C}.Release|Any CPU.Build.0 = Release|Any CPU
		{3B7215A4-934F-46F7-9881-08692D806067}.Debug|Any CPU.ActiveCfg = Debug|Any CPU
		{3B7215A4-934F-46F7-9881-08692D806067}.Debug|Any CPU.Build.0 = Debug|Any CPU
		{3B7215A4-934F-46F7-9881-08692D806067}.Release|Any CPU.ActiveCfg = Release|Any CPU
		{3B7215A4-934F-46F7-9881-08692D806067}.Release|Any CPU.Build.0 = Release|Any CPU
		{DA3B9A6A-6F30-45E7-A07C-BF30C86D5192}.Debug|Any CPU.ActiveCfg = Debug|Any CPU
		{DA3B9A6A-6F30-45E7-A07C-BF30C86D5192}.Debug|Any CPU.Build.0 = Debug|Any CPU
		{DA3B9A6A-6F30-45E7-A07C-BF30C86D5192}.Release|Any CPU.ActiveCfg = Release|Any CPU
		{DA3B9A6A-6F30-45E7-A07C-BF30C86D5192}.Release|Any CPU.Build.0 = Release|Any CPU
	EndGlobalSection
	GlobalSection(SolutionProperties) = preSolution
		HideSolutionNode = FALSE
	EndGlobalSection
	GlobalSection(ExtensibilityGlobals) = postSolution
		SolutionGuid = {006C5F90-E802-4A04-B28D-929EFF3C84C8}
	EndGlobalSection
EndGlobal
